
Microsoft Visual Studio Solution File, Format Version 12.00
# Visual Studio 2013
VisualStudioVersion = 12.0.21005.1
MinimumVisualStudioVersion = 10.0.40219.1
Project("{FAE04EC0-301F-11D3-BF4B-00C04F79EFBC}") = "PredictorPicoYPlaca", "PredictorPicoYPlaca\PredictorPicoYPlaca.csproj", "{7735DD21-8B93-4392-862D-0E8E8896B884}"
EndProject
Project("{FAE04EC0-301F-11D3-BF4B-00C04F79EFBC}") = "PredictorPicoYPlacaClassLibrary", "PredictorPicoYPlacaClassLibrary\PredictorPicoYPlacaClassLibrary.csproj", "{3CADC53C-AC12-498A-B0D2-9C81FA6A0CD4}"
EndProject
Project("{FAE04EC0-301F-11D3-BF4B-00C04F79EFBC}") = "PredictorPicoYPlacaUnitTest", "PredictorPicoYPlacaUnitTest\PredictorPicoYPlacaUnitTest.csproj", "{A76D47D3-1BC4-4EF1-9DF8-08E4D76E158A}"
EndProject
Global
	GlobalSection(SolutionConfigurationPlatforms) = preSolution
		Debug|Any CPU = Debug|Any CPU
		Release|Any CPU = Release|Any CPU
	EndGlobalSection
	GlobalSection(ProjectConfigurationPlatforms) = postSolution
		{7735DD21-8B93-4392-862D-0E8E8896B884}.Debug|Any CPU.ActiveCfg = Debug|Any CPU
		{7735DD21-8B93-4392-862D-0E8E8896B884}.Debug|Any CPU.Build.0 = Debug|Any CPU
		{7735DD21-8B93-4392-862D-0E8E8896B884}.Release|Any CPU.ActiveCfg = Release|Any CPU
		{7735DD21-8B93-4392-862D-0E8E8896B884}.Release|Any CPU.Build.0 = Release|Any CPU
		{3CADC53C-AC12-498A-B0D2-9C81FA6A0CD4}.Debug|Any CPU.ActiveCfg = Debug|Any CPU
		{3CADC53C-AC12-498A-B0D2-9C81FA6A0CD4}.Debug|Any CPU.Build.0 = Debug|Any CPU
		{3CADC53C-AC12-498A-B0D2-9C81FA6A0CD4}.Release|Any CPU.ActiveCfg = Release|Any CPU
		{3CADC53C-AC12-498A-B0D2-9C81FA6A0CD4}.Release|Any CPU.Build.0 = Release|Any CPU
		{A76D47D3-1BC4-4EF1-9DF8-08E4D76E158A}.Debug|Any CPU.ActiveCfg = Debug|Any CPU
		{A76D47D3-1BC4-4EF1-9DF8-08E4D76E158A}.Debug|Any CPU.Build.0 = Debug|Any CPU
		{A76D47D3-1BC4-4EF1-9DF8-08E4D76E158A}.Release|Any CPU.ActiveCfg = Release|Any CPU
		{A76D47D3-1BC4-4EF1-9DF8-08E4D76E158A}.Release|Any CPU.Build.0 = Release|Any CPU
	EndGlobalSection
	GlobalSection(SolutionProperties) = preSolution
		HideSolutionNode = FALSE
	EndGlobalSection
EndGlobal
